// !$*UTF8*$!
{
	archiveVersion = 1;
	classes = {
	};
	objectVersion = 56;
	objects = {

/* Begin PBXBuildFile section */
		2A0000010000000000000001 /* AgentPulseWatchApp.swift in Sources */ = {isa = PBXBuildFile; fileRef = 2A0000010000000000000101 /* AgentPulseWatchApp.swift */; };
		2A0000010000000000000002 /* ContentView.swift in Sources */ = {isa = PBXBuildFile; fileRef = 2A0000010000000000000102 /* ContentView.swift */; };
		2A0000010000000000000003 /* ThreadDetailView.swift in Sources */ = {isa = PBXBuildFile; fileRef = 2A0000010000000000000103 /* ThreadDetailView.swift */; };
		2A0000010000000000000004 /* AgentPulseClient.swift in Sources */ = {isa = PBXBuildFile; fileRef = 2A0000010000000000000104 /* AgentPulseClient.swift */; };
		2A0000010000000000000005 /* AgentPulseStore.swift in Sources */ = {isa = PBXBuildFile; fileRef = 2A0000010000000000000105 /* AgentPulseStore.swift */; };
		2A0000010000000000000006 /* KeychainStore.swift in Sources */ = {isa = PBXBuildFile; fileRef = 2A0000010000000000000106 /* KeychainStore.swift */; };
		2A0000010000000000000007 /* Models.swift in Sources */ = {isa = PBXBuildFile; fileRef = 2A0000010000000000000107 /* Models.swift */; };
		2A0000010000000000000008 /* Assets.xcassets in Resources */ = {isa = PBXBuildFile; fileRef = 2A000001000000000000010A /* Assets.xcassets */; };
		33002C1B8EA3F594EDACA04B /* Assets.xcassets in Resources */ = {isa = PBXBuildFile; fileRef = 59FFF71B8DDE62448EC76F55 /* Assets.xcassets */; };
		63C74F53F3D2F405EB35AC62 /* AgentPulseWatch.app in Embed Watch Content */ = {isa = PBXBuildFile; fileRef = 2A0000010000000000000110 /* AgentPulseWatch.app */; settings = {ATTRIBUTES = (RemoveHeadersOnCopy, ); }; };
		714319758F4CDFFDF916A6A8 /* AgentPulseMobileApp.swift in Sources */ = {isa = PBXBuildFile; fileRef = FBD745D5145CBF959325FFD6 /* AgentPulseMobileApp.swift */; };
		AB8141C05EFAA36B5AFE1C0A /* Foundation.framework in Frameworks */ = {isa = PBXBuildFile; fileRef = 2C2CBEA0B9CD005B148826FC /* Foundation.framework */; };
/* End PBXBuildFile section */

/* Begin PBXContainerItemProxy section */
		29F1F6F8E1B222C653896FC1 /* PBXContainerItemProxy */ = {
			isa = PBXContainerItemProxy;
			containerPortal = 2A0000010000000000000501 /* Project object */;
			proxyType = 1;
			remoteGlobalIDString = 2A0000010000000000000401;
			remoteInfo = AgentPulseWatch;
		};
/* End PBXContainerItemProxy section */

/* Begin PBXCopyFilesBuildPhase section */
		EF1A19CDC39000C83BCA1DB4 /* Embed Watch Content */ = {
			isa = PBXCopyFilesBuildPhase;
			buildActionMask = 2147483647;
			dstPath = "$(CONTENTS_FOLDER_PATH)/Watch";
			dstSubfolderSpec = 16;
			files = (
				63C74F53F3D2F405EB35AC62 /* AgentPulseWatch.app in Embed Watch Content */,
			);
			name = "Embed Watch Content";
			runOnlyForDeploymentPostprocessing = 0;
		};
/* End PBXCopyFilesBuildPhase section */

/* Begin PBXFileReference section */
		2A0000010000000000000101 /* AgentPulseWatchApp.swift */ = {isa = PBXFileReference; lastKnownFileType = sourcecode.swift; path = AgentPulseWatchApp.swift; sourceTree = "<group>"; };
		2A0000010000000000000102 /* ContentView.swift */ = {isa = PBXFileReference; lastKnownFileType = sourcecode.swift; path = ContentView.swift; sourceTree = "<group>"; };
		2A0000010000000000000103 /* ThreadDetailView.swift */ = {isa = PBXFileReference; lastKnownFileType = sourcecode.swift; path = ThreadDetailView.swift; sourceTree = "<group>"; };
		2A0000010000000000000104 /* AgentPulseClient.swift */ = {isa = PBXFileReference; lastKnownFileType = sourcecode.swift; path = AgentPulseClient.swift; sourceTree = "<group>"; };
		2A0000010000000000000105 /* AgentPulseStore.swift */ = {isa = PBXFileReference; lastKnownFileType = sourcecode.swift; path = AgentPulseStore.swift; sourceTree = "<group>"; };
		2A0000010000000000000106 /* KeychainStore.swift */ = {isa = PBXFileReference; lastKnownFileType = sourcecode.swift; path = KeychainStore.swift; sourceTree = "<group>"; };
		2A0000010000000000000107 /* Models.swift */ = {isa = PBXFileReference; lastKnownFileType = sourcecode.swift; path = Models.swift; sourceTree = "<group>"; };
		2A0000010000000000000108 /* Info.plist */ = {isa = PBXFileReference; lastKnownFileType = text.plist.xml; path = Info.plist; sourceTree = "<group>"; };
		2A0000010000000000000109 /* AgentPulseWatch.entitlements */ = {isa = PBXFileReference; lastKnownFileType = text.plist.entitlements; path = AgentPulseWatch.entitlements; sourceTree = "<group>"; };
		2A000001000000000000010A /* Assets.xcassets */ = {isa = PBXFileReference; lastKnownFileType = folder.assetcatalog; path = Assets.xcassets; sourceTree = "<group>"; };
		2A0000010000000000000110 /* AgentPulseWatch.app */ = {isa = PBXFileReference; explicitFileType = wrapper.application; includeInIndex = 0; path = AgentPulseWatch.app; sourceTree = BUILT_PRODUCTS_DIR; };
		2C2CBEA0B9CD005B148826FC /* Foundation.framework */ = {isa = PBXFileReference; lastKnownFileType = wrapper.framework; name = Foundation.framework; path = Platforms/iPhoneOS.platform/Developer/SDKs/iPhoneOS14.0.sdk/System/Library/Frameworks/Foundation.framework; sourceTree = DEVELOPER_DIR; };
		471150E3BE1CD54310A5DE76 /* AgentPulseMobile.app */ = {isa = PBXFileReference; explicitFileType = wrapper.application; includeInIndex = 0; path = AgentPulseMobile.app; sourceTree = BUILT_PRODUCTS_DIR; };
		59FFF71B8DDE62448EC76F55 /* Assets.xcassets */ = {isa = PBXFileReference; includeInIndex = 1; lastKnownFileType = folder.assetcatalog; path = Assets.xcassets; sourceTree = "<group>"; };
		FAD53EDD9EE8262CB4345AE0 /* Info.plist */ = {isa = PBXFileReference; includeInIndex = 1; lastKnownFileType = text.plist.xml; path = Info.plist; sourceTree = "<group>"; };
		FBD745D5145CBF959325FFD6 /* AgentPulseMobileApp.swift */ = {isa = PBXFileReference; includeInIndex = 1; lastKnownFileType = sourcecode.swift; path = AgentPulseMobileApp.swift; sourceTree = "<group>"; };
/* End PBXFileReference section */

/* Begin PBXFrameworksBuildPhase section */
		2A0000010000000000000201 /* Frameworks */ = {
			isa = PBXFrameworksBuildPhase;
			buildActionMask = 2147483647;
			files = (
			);
			runOnlyForDeploymentPostprocessing = 0;
		};
		DBC9D42CAF11590857F07733 /* Frameworks */ = {
			isa = PBXFrameworksBuildPhase;
			buildActionMask = 2147483647;
			files = (
				AB8141C05EFAA36B5AFE1C0A /* Foundation.framework in Frameworks */,
			);
			runOnlyForDeploymentPostprocessing = 0;
		};
/* End PBXFrameworksBuildPhase section */

/* Begin PBXGroup section */
		2A0000010000000000000301 = {
			isa = PBXGroup;
			children = (
				2A0000010000000000000302 /* AgentPulseWatch */,
				2A0000010000000000000303 /* Products */,
				53F20954CF48DBB124BE17E6 /* AgentPulseiOS */,
				E6805359EA575653D3C1402A /* Frameworks */,
			);
			sourceTree = "<group>";
		};
		2A0000010000000000000302 /* AgentPulseWatch */ = {
			isa = PBXGroup;
			children = (
				2A0000010000000000000101 /* AgentPulseWatchApp.swift */,
				2A0000010000000000000102 /* ContentView.swift */,
				2A0000010000000000000103 /* ThreadDetailView.swift */,
				2A0000010000000000000104 /* AgentPulseClient.swift */,
				2A0000010000000000000105 /* AgentPulseStore.swift */,
				2A0000010000000000000106 /* KeychainStore.swift */,
				2A0000010000000000000107 /* Models.swift */,
				2A0000010000000000000108 /* Info.plist */,
				2A0000010000000000000109 /* AgentPulseWatch.entitlements */,
				2A000001000000000000010A /* Assets.xcassets */,
			);
			path = AgentPulseWatch;
			sourceTree = "<group>";
		};
		2A0000010000000000000303 /* Products */ = {
			isa = PBXGroup;
			children = (
				2A0000010000000000000110 /* AgentPulseWatch.app */,
				471150E3BE1CD54310A5DE76 /* AgentPulseMobile.app */,
			);
			name = Products;
			sourceTree = "<group>";
		};
		4C08596F75EBB42733609EDF /* iOS */ = {
			isa = PBXGroup;
			children = (
				2C2CBEA0B9CD005B148826FC /* Foundation.framework */,
			);
			name = iOS;
			sourceTree = "<group>";
		};
		53F20954CF48DBB124BE17E6 /* AgentPulseiOS */ = {
			isa = PBXGroup;
			children = (
				FBD745D5145CBF959325FFD6 /* AgentPulseMobileApp.swift */,
				FAD53EDD9EE8262CB4345AE0 /* Info.plist */,
				59FFF71B8DDE62448EC76F55 /* Assets.xcassets */,
			);
			name = AgentPulseiOS;
			path = AgentPulseiOS;
			sourceTree = "<group>";
		};
		E6805359EA575653D3C1402A /* Frameworks */ = {
			isa = PBXGroup;
			children = (
				4C08596F75EBB42733609EDF /* iOS */,
			);
			name = Frameworks;
			sourceTree = "<group>";
		};
/* End PBXGroup section */

/* Begin PBXNativeTarget section */
		19B7DCE7BF801F0455A0996A /* AgentPulseMobile */ = {
			isa = PBXNativeTarget;
			buildConfigurationList = 32E84BAF7F58042E3FA10AA8 /* Build configuration list for PBXNativeTarget "AgentPulseMobile" */;
			buildPhases = (
				18DDFECB13505EB42682118E /* Sources */,
				DBC9D42CAF11590857F07733 /* Frameworks */,
				9BCA66512DF711B332745C07 /* Resources */,
				EF1A19CDC39000C83BCA1DB4 /* Embed Watch Content */,
			);
			buildRules = (
			);
			dependencies = (
				75AF37299798D76497B18639 /* PBXTargetDependency */,
			);
			name = AgentPulseMobile;
			productName = AgentPulseMobile;
			productReference = 471150E3BE1CD54310A5DE76 /* AgentPulseMobile.app */;
			productType = "com.apple.product-type.application";
		};
		2A0000010000000000000401 /* AgentPulseWatch */ = {
			isa = PBXNativeTarget;
			buildConfigurationList = 2A0000010000000000000702 /* Build configuration list for PBXNativeTarget "AgentPulseWatch" */;
			buildPhases = (
				2A0000010000000000000202 /* Sources */,
				2A0000010000000000000201 /* Frameworks */,
				2A0000010000000000000203 /* Resources */,
			);
			buildRules = (
			);
			dependencies = (
			);
			name = AgentPulseWatch;
			productName = AgentPulseWatch;
			productReference = 2A0000010000000000000110 /* AgentPulseWatch.app */;
			productType = "com.apple.product-type.application";
		};
/* End PBXNativeTarget section */

/* Begin PBXProject section */
		2A0000010000000000000501 /* Project object */ = {
			isa = PBXProject;
			attributes = {
				BuildIndependentTargetsInParallel = 1;
				LastSwiftUpdateCheck = 1600;
				LastUpgradeCheck = 2640;
				TargetAttributes = {
					2A0000010000000000000401 = {
						CreatedOnToolsVersion = 16.0;
						SystemCapabilities = {
							com.apple.Push = {
								enabled = 1;
							};
						};
					};
				};
			};
			buildConfigurationList = 2A0000010000000000000701 /* Build configuration list for PBXProject "AgentPulseWatch" */;
			compatibilityVersion = "Xcode 14.0";
			developmentRegion = en;
			hasScannedForEncodings = 0;
			knownRegions = (
				en,
				Base,
			);
			mainGroup = 2A0000010000000000000301;
			productRefGroup = 2A0000010000000000000303 /* Products */;
			projectDirPath = "";
			projectRoot = "";
			targets = (
				2A0000010000000000000401 /* AgentPulseWatch */,
				19B7DCE7BF801F0455A0996A /* AgentPulseMobile */,
			);
		};
/* End PBXProject section */

/* Begin PBXResourcesBuildPhase section */
		2A0000010000000000000203 /* Resources */ = {
			isa = PBXResourcesBuildPhase;
			buildActionMask = 2147483647;
			files = (
				2A0000010000000000000008 /* Assets.xcassets in Resources */,
			);
			runOnlyForDeploymentPostprocessing = 0;
		};
		9BCA66512DF711B332745C07 /* Resources */ = {
			isa = PBXResourcesBuildPhase;
			buildActionMask = 2147483647;
			files = (
				33002C1B8EA3F594EDACA04B /* Assets.xcassets in Resources */,
			);
			runOnlyForDeploymentPostprocessing = 0;
		};
/* End PBXResourcesBuildPhase section */

/* Begin PBXSourcesBuildPhase section */
		18DDFECB13505EB42682118E /* Sources */ = {
			isa = PBXSourcesBuildPhase;
			buildActionMask = 2147483647;
			files = (
				714319758F4CDFFDF916A6A8 /* AgentPulseMobileApp.swift in Sources */,
			);
			runOnlyForDeploymentPostprocessing = 0;
		};
		2A0000010000000000000202 /* Sources */ = {
			isa = PBXSourcesBuildPhase;
			buildActionMask = 2147483647;
			files = (
				2A0000010000000000000001 /* AgentPulseWatchApp.swift in Sources */,
				2A0000010000000000000002 /* ContentView.swift in Sources */,
				2A0000010000000000000003 /* ThreadDetailView.swift in Sources */,
				2A0000010000000000000004 /* AgentPulseClient.swift in Sources */,
				2A0000010000000000000005 /* AgentPulseStore.swift in Sources */,
				2A0000010000000000000006 /* KeychainStore.swift in Sources */,
				2A0000010000000000000007 /* Models.swift in Sources */,
			);
			runOnlyForDeploymentPostprocessing = 0;
		};
/* End PBXSourcesBuildPhase section */

/* Begin PBXTargetDependency section */
		75AF37299798D76497B18639 /* PBXTargetDependency */ = {
			isa = PBXTargetDependency;
			name = AgentPulseWatch;
			target = 2A0000010000000000000401 /* AgentPulseWatch */;
			targetProxy = 29F1F6F8E1B222C653896FC1 /* PBXContainerItemProxy */;
		};
/* End PBXTargetDependency section */

/* Begin XCBuildConfiguration section */
		2A0000010000000000000601 /* Debug */ = {
			isa = XCBuildConfiguration;
			buildSettings = {
				ALWAYS_SEARCH_USER_PATHS = NO;
				CLANG_ENABLE_MODULES = YES;
				CLANG_ENABLE_OBJC_ARC = YES;
				CLANG_WARN_BLOCK_CAPTURE_AUTORELEASING = YES;
				CLANG_WARN_BOOL_CONVERSION = YES;
				CLANG_WARN_COMMA = YES;
				CLANG_WARN_CONSTANT_CONVERSION = YES;
				CLANG_WARN_DEPRECATED_OBJC_IMPLEMENTATIONS = YES;
				CLANG_WARN_EMPTY_BODY = YES;
				CLANG_WARN_ENUM_CONVERSION = YES;
				CLANG_WARN_INFINITE_RECURSION = YES;
				CLANG_WARN_INT_CONVERSION = YES;
				CLANG_WARN_NON_LITERAL_NULL_CONVERSION = YES;
				CLANG_WARN_OBJC_IMPLICIT_RETAIN_SELF = YES;
				CLANG_WARN_OBJC_LITERAL_CONVERSION = YES;
				CLANG_WARN_QUOTED_INCLUDE_IN_FRAMEWORK_HEADER = YES;
				CLANG_WARN_RANGE_LOOP_ANALYSIS = YES;
				CLANG_WARN_STRICT_PROTOTYPES = YES;
				CLANG_WARN_SUSPICIOUS_MOVE = YES;
				CLANG_WARN_UNREACHABLE_CODE = YES;
				CLANG_WARN__DUPLICATE_METHOD_MATCH = YES;
				COPY_PHASE_STRIP = NO;
				DEBUG_INFORMATION_FORMAT = dwarf;
				ENABLE_STRICT_OBJC_MSGSEND = YES;
				ENABLE_TESTABILITY = YES;
				ENABLE_USER_SCRIPT_SANDBOXING = YES;
				GCC_C_LANGUAGE_STANDARD = gnu17;
				GCC_DYNAMIC_NO_PIC = NO;
				GCC_NO_COMMON_BLOCKS = YES;
				GCC_OPTIMIZATION_LEVEL = 0;
				GCC_PREPROCESSOR_DEFINITIONS = (
					"DEBUG=1",
					"$(inherited)",
				);
				GCC_WARN_64_TO_32_BIT_CONVERSION = YES;
				GCC_WARN_ABOUT_RETURN_TYPE = YES;
				GCC_WARN_UNDECLARED_SELECTOR = YES;
				GCC_WARN_UNINITIALIZED_AUTOS = YES;
				GCC_WARN_UNUSED_FUNCTION = YES;
				GCC_WARN_UNUSED_VARIABLE = YES;
				MTL_ENABLE_DEBUG_INFO = INCLUDE_SOURCE;
				ONLY_ACTIVE_ARCH = YES;
				SDKROOT = watchos;
				STRING_CATALOG_GENERATE_SYMBOLS = YES;
				SWIFT_ACTIVE_COMPILATION_CONDITIONS = DEBUG;
				SWIFT_OPTIMIZATION_LEVEL = "-Onone";
			};
			name = Debug;
		};
		2A0000010000000000000602 /* Release */ = {
			isa = XCBuildConfiguration;
			buildSettings = {
				ALWAYS_SEARCH_USER_PATHS = NO;
				CLANG_ENABLE_MODULES = YES;
				CLANG_ENABLE_OBJC_ARC = YES;
				CLANG_WARN_BLOCK_CAPTURE_AUTORELEASING = YES;
				CLANG_WARN_BOOL_CONVERSION = YES;
				CLANG_WARN_COMMA = YES;
				CLANG_WARN_CONSTANT_CONVERSION = YES;
				CLANG_WARN_DEPRECATED_OBJC_IMPLEMENTATIONS = YES;
				CLANG_WARN_EMPTY_BODY = YES;
				CLANG_WARN_ENUM_CONVERSION = YES;
				CLANG_WARN_INFINITE_RECURSION = YES;
				CLANG_WARN_INT_CONVERSION = YES;
				CLANG_WARN_NON_LITERAL_NULL_CONVERSION = YES;
				CLANG_WARN_OBJC_IMPLICIT_RETAIN_SELF = YES;
				CLANG_WARN_OBJC_LITERAL_CONVERSION = YES;
				CLANG_WARN_QUOTED_INCLUDE_IN_FRAMEWORK_HEADER = YES;
				CLANG_WARN_RANGE_LOOP_ANALYSIS = YES;
				CLANG_WARN_STRICT_PROTOTYPES = YES;
				CLANG_WARN_SUSPICIOUS_MOVE = YES;
				CLANG_WARN_UNREACHABLE_CODE = YES;
				CLANG_WARN__DUPLICATE_METHOD_MATCH = YES;
				COPY_PHASE_STRIP = NO;
				DEBUG_INFORMATION_FORMAT = "dwarf-with-dsym";
				ENABLE_NS_ASSERTIONS = NO;
				ENABLE_STRICT_OBJC_MSGSEND = YES;
				ENABLE_USER_SCRIPT_SANDBOXING = YES;
				GCC_C_LANGUAGE_STANDARD = gnu17;
				GCC_NO_COMMON_BLOCKS = YES;
				GCC_WARN_64_TO_32_BIT_CONVERSION = YES;
				GCC_WARN_ABOUT_RETURN_TYPE = YES;
				GCC_WARN_UNDECLARED_SELECTOR = YES;
				GCC_WARN_UNINITIALIZED_AUTOS = YES;
				GCC_WARN_UNUSED_FUNCTION = YES;
				GCC_WARN_UNUSED_VARIABLE = YES;
				MTL_ENABLE_DEBUG_INFO = NO;
				SDKROOT = watchos;
				STRING_CATALOG_GENERATE_SYMBOLS = YES;
				SWIFT_COMPILATION_MODE = wholemodule;
				SWIFT_OPTIMIZATION_LEVEL = "-O";
				VALIDATE_PRODUCT = YES;
			};
			name = Release;
		};
		2A0000010000000000000603 /* Debug */ = {
			isa = XCBuildConfiguration;
			buildSettings = {
				APS_ENVIRONMENT = development;
				ASSETCATALOG_COMPILER_APPICON_NAME = AppIcon;
				ASSETCATALOG_COMPILER_GLOBAL_ACCENT_COLOR_NAME = AccentColor;
				CODE_SIGN_ENTITLEMENTS = AgentPulseWatch/AgentPulseWatch.entitlements;
				CODE_SIGN_STYLE = Automatic;
				CURRENT_PROJECT_VERSION = 1;
				GENERATE_INFOPLIST_FILE = NO;
				INFOPLIST_FILE = AgentPulseWatch/Info.plist;
				LD_RUNPATH_SEARCH_PATHS = (
					"$(inherited)",
					"@executable_path/Frameworks",
				);
				MARKETING_VERSION = 0.1.0;
				PRODUCT_BUNDLE_IDENTIFIER = com.paulfecto.AgentPulse.watchkitapp;
				PRODUCT_NAME = "$(TARGET_NAME)";
				SKIP_INSTALL = YES;
				SUPPORTED_PLATFORMS = "watchos watchsimulator";
				SWIFT_EMIT_LOC_STRINGS = YES;
				SWIFT_VERSION = 5.0;
				TARGETED_DEVICE_FAMILY = 4;
				WATCHOS_DEPLOYMENT_TARGET = 8.0;
			};
			name = Debug;
		};
		2A0000010000000000000604 /* Release */ = {
			isa = XCBuildConfiguration;
			buildSettings = {
				APS_ENVIRONMENT = production;
				ASSETCATALOG_COMPILER_APPICON_NAME = AppIcon;
				ASSETCATALOG_COMPILER_GLOBAL_ACCENT_COLOR_NAME = AccentColor;
				CODE_SIGN_ENTITLEMENTS = AgentPulseWatch/AgentPulseWatch.entitlements;
				CODE_SIGN_STYLE = Automatic;
				CURRENT_PROJECT_VERSION = 1;
				GENERATE_INFOPLIST_FILE = NO;
				INFOPLIST_FILE = AgentPulseWatch/Info.plist;
				LD_RUNPATH_SEARCH_PATHS = (
					"$(inherited)",
					"@executable_path/Frameworks",
				);
				MARKETING_VERSION = 0.1.0;
				PRODUCT_BUNDLE_IDENTIFIER = com.paulfecto.AgentPulse.watchkitapp;
				PRODUCT_NAME = "$(TARGET_NAME)";
				SKIP_INSTALL = YES;
				SUPPORTED_PLATFORMS = "watchos watchsimulator";
				SWIFT_EMIT_LOC_STRINGS = YES;
				SWIFT_VERSION = 5.0;
				TARGETED_DEVICE_FAMILY = 4;
				WATCHOS_DEPLOYMENT_TARGET = 8.0;
			};
			name = Release;
		};
		6A9430E02B4E86D17AA171E7 /* Release */ = {
			isa = XCBuildConfiguration;
			buildSettings = {
				ASSETCATALOG_COMPILER_APPICON_NAME = AppIcon;
				ASSETCATALOG_COMPILER_GLOBAL_ACCENT_COLOR_NAME = AccentColor;
				CLANG_ENABLE_OBJC_WEAK = NO;
				CODE_SIGN_STYLE = Automatic;
				CURRENT_PROJECT_VERSION = 1;
				GENERATE_INFOPLIST_FILE = NO;
				INFOPLIST_FILE = AgentPulseiOS/Info.plist;
				IPHONEOS_DEPLOYMENT_TARGET = 17.0;
				LD_RUNPATH_SEARCH_PATHS = (
					"$(inherited)",
					"@executable_path/Frameworks",
				);
				MARKETING_VERSION = 0.1.0;
				PRODUCT_BUNDLE_IDENTIFIER = com.paulfecto.AgentPulse;
				PRODUCT_NAME = "$(TARGET_NAME)";
				SDKROOT = iphoneos;
				SUPPORTED_PLATFORMS = "iphoneos iphonesimulator";
				SWIFT_EMIT_LOC_STRINGS = YES;
				SWIFT_VERSION = 5.0;
				TARGETED_DEVICE_FAMILY = 1;
				VALIDATE_PRODUCT = YES;
			};
			name = Release;
		};
		F2930DA78CF4E495B1C7C479 /* Debug */ = {
			isa = XCBuildConfiguration;
			buildSettings = {
				ASSETCATALOG_COMPILER_APPICON_NAME = AppIcon;
				ASSETCATALOG_COMPILER_GLOBAL_ACCENT_COLOR_NAME = AccentColor;
				CLANG_ENABLE_OBJC_WEAK = NO;
				CODE_SIGN_STYLE = Automatic;
				CURRENT_PROJECT_VERSION = 1;
				GENERATE_INFOPLIST_FILE = NO;
				INFOPLIST_FILE = AgentPulseiOS/Info.plist;
				IPHONEOS_DEPLOYMENT_TARGET = 17.0;
				LD_RUNPATH_SEARCH_PATHS = (
					"$(inherited)",
					"@executable_path/Frameworks",
				);
				MARKETING_VERSION = 0.1.0;
				PRODUCT_BUNDLE_IDENTIFIER = com.paulfecto.AgentPulse;
				PRODUCT_NAME = "$(TARGET_NAME)";
				SDKROOT = iphoneos;
				SUPPORTED_PLATFORMS = "iphoneos iphonesimulator";
				SWIFT_EMIT_LOC_STRINGS = YES;
				SWIFT_VERSION = 5.0;
				TARGETED_DEVICE_FAMILY = 1;
			};
			name = Debug;
		};
/* End XCBuildConfiguration section */

/* Begin XCConfigurationList section */
		2A0000010000000000000701 /* Build configuration list for PBXProject "AgentPulseWatch" */ = {
			isa = XCConfigurationList;
			buildConfigurations = (
				2A0000010000000000000601 /* Debug */,
				2A0000010000000000000602 /* Release */,
			);
			defaultConfigurationIsVisible = 0;
			defaultConfigurationName = Release;
		};
		2A0000010000000000000702 /* Build configuration list for PBXNativeTarget "AgentPulseWatch" */ = {
			isa = XCConfigurationList;
			buildConfigurations = (
				2A0000010000000000000603 /* Debug */,
				2A0000010000000000000604 /* Release */,
			);
			defaultConfigurationIsVisible = 0;
			defaultConfigurationName = Release;
		};
		32E84BAF7F58042E3FA10AA8 /* Build configuration list for PBXNativeTarget "AgentPulseMobile" */ = {
			isa = XCConfigurationList;
			buildConfigurations = (
				6A9430E02B4E86D17AA171E7 /* Release */,
				F2930DA78CF4E495B1C7C479 /* Debug */,
			);
			defaultConfigurationIsVisible = 0;
			defaultConfigurationName = Release;
		};
/* End XCConfigurationList section */
	};
	rootObject = 2A0000010000000000000501 /* Project object */;
}
